dependencies:
- name: user-manager-mongoose
  repository: https://maximemoreillon.github.io/helm-repository
  version: 0.2.0
- name: mongodb
  repository: https://charts.bitnami.com/bitnami
  version: 13.8.1
digest: sha256:d056416f2dcec84026e161e3919d2a78a21290f2b18aeefc34a457b22b65e43a
generated: "2023-02-26T14:25:16.051210672+09:00"
