dependencies:
- name: user-manager-mongoose
  repository: https://maximemoreillon.github.io/helm-repository
  version: 0.2.0
- name: mongodb
  repository: https://charts.bitnami.com/bitnami
  version: 13.8.1
digest: sha256:481ffabee90bd153148dba4e8cbd1827000f80fe3d69a16db822fdca59f90ad8
generated: "2023-02-26T14:41:00.287126208+09:00"
