dependencies:
- name: user-manager-mongoose
  repository: https://maximemoreillon.github.io/helm-repository
  version: 0.3.1
- name: mongodb
  repository: https://charts.bitnami.com/bitnami
  version: 13.8.1
digest: sha256:7af6897a6df25536c95546e7efb8e28ab848269a4f92c8fbcc3f5f589070d985
generated: "2023-02-26T15:48:19.726289704+09:00"
