dependencies:
- name: neo4j
  repository: https://maximemoreillon.github.io/helm-repository
  version: 0.1.0
- name: group-manager
  repository: https://maximemoreillon.github.io/helm-repository
  version: 0.1.3
digest: sha256:39d0afb19900679b79d8ab307822b8544ac4dd60b01215707961749ec66c2645
generated: "2023-02-28T17:49:23.516212007+09:00"
