dependencies:
- name: neo4j
  repository: https://maximemoreillon.github.io/helm-repository
  version: 0.1.0
- name: group-manager
  repository: https://maximemoreillon.github.io/helm-repository
  version: 0.1.6
digest: sha256:25493ef324b0e14babe838e5186f3431c9fce55224b3fdd121381f08716135a4
generated: "2023-02-28T18:35:00.405538999+09:00"
