dependencies:
- name: neo4j
  repository: https://helm.neo4j.com/neo4j
  version: 5.20.0
- name: group-manager
  repository: https://maximemoreillon.github.io/helm-repository
  version: 0.4.3
- name: kong
  repository: https://charts.konghq.com
  version: 2.39.2
digest: sha256:d116bf18c76083207ed666fd3f4eb6c5da1d14306f607b8ea325cf30be443c86
generated: "2024-07-07T15:08:35.730101614+09:00"
