dependencies:
- name: user-manager-mongodb
  repository: https://maximemoreillon.github.io/helm-repository
  version: 0.3.5
- name: mongodb
  repository: https://charts.bitnami.com/bitnami
  version: 13.8.1
- name: kong
  repository: https://charts.konghq.com
  version: 2.39.2
digest: sha256:63a003def042c316f3f46496bc6406141f432f940e4f59c2c7fa2c197ce93d25
generated: "2024-06-23T08:28:07.044124798+09:00"
