dependencies:
- name: mongodb
  repository: https://charts.bitnami.com/bitnami
  version: 13.8.1
- name: influxdb
  repository: https://charts.bitnami.com/bitnami
  version: 5.4.16
- name: kong
  repository: https://charts.konghq.com
  version: 2.39.2
digest: sha256:ecc58f736a5d4ff0c8aeb89a816006f5cfd163ee7879c0faf895cd00d9f4821d
generated: "2024-06-21T21:11:26.671331994+09:00"
